{
  "name": "first",
  "version": "1.0.0",
  "lockfileVersion": 1,
  "requires": true,
  "dependencies": {
    "china-geojson": {
      "version": "1.0.0",
      "resolved": "http://registry.npm.taobao.org/china-geojson/download/china-geojson-1.0.0.tgz",
      "integrity": "sha1-8exvmTR/YBYKLgEVhauN+O6Grcc="
    }
  }
}
